PODS:
  - LCTool (0.1.0):
    - LCTool/category (= 0.1.0)
  - LCTool/category (0.1.0)

DEPENDENCIES:
  - LCTool (from `../`)

EXTERNAL SOURCES:
  LCTool:
    :path: "../"

SPEC CHECKSUMS:
  LCTool: 2f345d628476f01cfd3bd0ab8d29645ce5137ec5

PODFILE CHECKSUM: 6d7961c9965ae432fd92061b6e44cbefb6ba7cdb

COCOAPODS: 1.11.3
